
Microsoft Visual Studio Solution File, Format Version 12.00
# Visual Studio Version 16
VisualStudioVersion = 16.0.31729.503
MinimumVisualStudioVersion = 10.0.40219.1
Project("{FAE04EC0-301F-11D3-BF4B-00C04F79EFBC}") = "Delegates", "Delegates\Delegates.csproj", "{716C2B1E-60F8-4557-907A-A455B03A1BDE}"
EndProject
Project("{FAE04EC0-301F-11D3-BF4B-00C04F79EFBC}") = "WithoutDelegates", "WithoutDelegates\WithoutDelegates.csproj", "{2778285B-B4C9-496F-97D0-D6BE36D4EE88}"
EndProject
Global
	GlobalSection(SolutionConfigurationPlatforms) = preSolution
		Debug|Any CPU = Debug|Any CPU
		Release|Any CPU = Release|Any CPU
	EndGlobalSection
	GlobalSection(ProjectConfigurationPlatforms) = postSolution
		{716C2B1E-60F8-4557-907A-A455B03A1BDE}.Debug|Any CPU.ActiveCfg = Debug|Any CPU
		{716C2B1E-60F8-4557-907A-A455B03A1BDE}.Debug|Any CPU.Build.0 = Debug|Any CPU
		{716C2B1E-60F8-4557-907A-A455B03A1BDE}.Release|Any CPU.ActiveCfg = Release|Any CPU
		{716C2B1E-60F8-4557-907A-A455B03A1BDE}.Release|Any CPU.Build.0 = Release|Any CPU
		{2778285B-B4C9-496F-97D0-D6BE36D4EE88}.Debug|Any CPU.ActiveCfg = Debug|Any CPU
		{2778285B-B4C9-496F-97D0-D6BE36D4EE88}.Debug|Any CPU.Build.0 = Debug|Any CPU
		{2778285B-B4C9-496F-97D0-D6BE36D4EE88}.Release|Any CPU.ActiveCfg = Release|Any CPU
		{2778285B-B4C9-496F-97D0-D6BE36D4EE88}.Release|Any CPU.Build.0 = Release|Any CPU
	EndGlobalSection
	GlobalSection(SolutionProperties) = preSolution
		HideSolutionNode = FALSE
	EndGlobalSection
	GlobalSection(ExtensibilityGlobals) = postSolution
		SolutionGuid = {51AE688D-9721-4E03-AB5C-F18B1952512A}
	EndGlobalSection
EndGlobal
